
Microsoft Visual Studio Solution File, Format Version 12.00
# Visual Studio Version 17
VisualStudioVersion = 17.13.35818.85 d17.13
MinimumVisualStudioVersion = 10.0.40219.1
Project("{FAE04EC0-301F-11D3-BF4B-00C04F79EFBC}") = "StressedBread.Flashcards", "StressedBread.Flashcards\StressedBread.Flashcards.csproj", "{489F1B7A-B649-4061-B283-C142928D0875}"
EndProject
Global
	GlobalSection(SolutionConfigurationPlatforms) = preSolution
		Debug|Any CPU = Debug|Any CPU
		Release|Any CPU = Release|Any CPU
	EndGlobalSection
	GlobalSection(ProjectConfigurationPlatforms) = postSolution
		{489F1B7A-B649-4061-B283-C142928D0875}.Debug|Any CPU.ActiveCfg = Debug|Any CPU
		{489F1B7A-B649-4061-B283-C142928D0875}.Debug|Any CPU.Build.0 = Debug|Any CPU
		{489F1B7A-B649-4061-B283-C142928D0875}.Release|Any CPU.ActiveCfg = Release|Any CPU
		{489F1B7A-B649-4061-B283-C142928D0875}.Release|Any CPU.Build.0 = Release|Any CPU
	EndGlobalSection
	GlobalSection(SolutionProperties) = preSolution
		HideSolutionNode = FALSE
	EndGlobalSection
	GlobalSection(ExtensibilityGlobals) = postSolution
		SolutionGuid = {A4886650-09CF-4FC3-8C26-721B221BB8E0}
	EndGlobalSection
EndGlobal
